
Microsoft Visual Studio Solution File, Format Version 12.00
# Visual Studio Version 17
VisualStudioVersion = 17.2.32616.157
MinimumVisualStudioVersion = 10.0.40219.1
Project("{FAE04EC0-301F-11D3-BF4B-00C04F79EFBC}") = "RSBD_BE", "RSBD_BE.csproj", "{DAA2FCD4-84D4-48E8-BF52-6D03C507E036}"
EndProject
Global
	GlobalSection(SolutionConfigurationPlatforms) = preSolution
		Debug|Any CPU = Debug|Any CPU
		Release|Any CPU = Release|Any CPU
	EndGlobalSection
	GlobalSection(ProjectConfigurationPlatforms) = postSolution
		{DAA2FCD4-84D4-48E8-BF52-6D03C507E036}.Debug|Any CPU.ActiveCfg = Debug|Any CPU
		{DAA2FCD4-84D4-48E8-BF52-6D03C507E036}.Debug|Any CPU.Build.0 = Debug|Any CPU
		{DAA2FCD4-84D4-48E8-BF52-6D03C507E036}.Release|Any CPU.ActiveCfg = Release|Any CPU
		{DAA2FCD4-84D4-48E8-BF52-6D03C507E036}.Release|Any CPU.Build.0 = Release|Any CPU
	EndGlobalSection
	GlobalSection(SolutionProperties) = preSolution
		HideSolutionNode = FALSE
	EndGlobalSection
	GlobalSection(ExtensibilityGlobals) = postSolution
		SolutionGuid = {ADA3DD9B-83D4-4443-BA89-5309DA6EB7A8}
	EndGlobalSection
EndGlobal
